
Microsoft Visual Studio Solution File, Format Version 12.00
# Visual Studio Version 16
VisualStudioVersion = 16.0.30413.136
MinimumVisualStudioVersion = 10.0.40219.1
Project("{9A19103F-16F7-4668-BE54-9A1E7A4F7556}") = "WebApplication1", "WebApplication1\WebApplication1.csproj", "{4EB474FF-8C93-4C29-8A96-BCE32147122A}"
EndProject
Global
	GlobalSection(SolutionConfigurationPlatforms) = preSolution
		Debug|Any CPU = Debug|Any CPU
		Release|Any CPU = Release|Any CPU
	EndGlobalSection
	GlobalSection(ProjectConfigurationPlatforms) = postSolution
		{4EB474FF-8C93-4C29-8A96-BCE32147122A}.Debug|Any CPU.ActiveCfg = Debug|Any CPU
		{4EB474FF-8C93-4C29-8A96-BCE32147122A}.Debug|Any CPU.Build.0 = Debug|Any CPU
		{4EB474FF-8C93-4C29-8A96-BCE32147122A}.Release|Any CPU.ActiveCfg = Release|Any CPU
		{4EB474FF-8C93-4C29-8A96-BCE32147122A}.Release|Any CPU.Build.0 = Release|Any CPU
	EndGlobalSection
	GlobalSection(SolutionProperties) = preSolution
		HideSolutionNode = FALSE
	EndGlobalSection
	GlobalSection(ExtensibilityGlobals) = postSolution
		SolutionGuid = {EF80ED07-BA24-4E09-A3ED-87082B698F05}
	EndGlobalSection
EndGlobal
